
Microsoft Visual Studio Solution File, Format Version 12.00
# Visual Studio 2013
VisualStudioVersion = 12.0.31101.0
MinimumVisualStudioVersion = 10.0.40219.1
Project("{FAE04EC0-301F-11D3-BF4B-00C04F79EFBC}") = "XML Music Reader", "XML Music Reader\XML Music Reader.csproj", "{8BB935FC-6D69-454B-89E4-A8FD8C5E8366}"
EndProject
Project("{FAE04EC0-301F-11D3-BF4B-00C04F79EFBC}") = "Ext", "..\WebSiteInfoScrapper\Ext\Ext.csproj", "{1D42B811-C029-41FE-8B5E-748F41025709}"
EndProject
Project("{FAE04EC0-301F-11D3-BF4B-00C04F79EFBC}") = "XML Parser", "XML Parser\XML Parser.csproj", "{3CC19C29-27BF-46B4-8542-CCDAF6D369B6}"
EndProject
Project("{FAE04EC0-301F-11D3-BF4B-00C04F79EFBC}") = "Tests", "Tests\Tests.csproj", "{90F5DAD4-F1F2-4252-93CC-DE3DB6064F18}"
EndProject
Global
	GlobalSection(SolutionConfigurationPlatforms) = preSolution
		Debug|Any CPU = Debug|Any CPU
		Release|Any CPU = Release|Any CPU
	EndGlobalSection
	GlobalSection(ProjectConfigurationPlatforms) = postSolution
		{8BB935FC-6D69-454B-89E4-A8FD8C5E8366}.Debug|Any CPU.ActiveCfg = Debug|Any CPU
		{8BB935FC-6D69-454B-89E4-A8FD8C5E8366}.Debug|Any CPU.Build.0 = Debug|Any CPU
		{8BB935FC-6D69-454B-89E4-A8FD8C5E8366}.Release|Any CPU.ActiveCfg = Release|Any CPU
		{8BB935FC-6D69-454B-89E4-A8FD8C5E8366}.Release|Any CPU.Build.0 = Release|Any CPU
		{1D42B811-C029-41FE-8B5E-748F41025709}.Debug|Any CPU.ActiveCfg = Debug|Any CPU
		{1D42B811-C029-41FE-8B5E-748F41025709}.Debug|Any CPU.Build.0 = Debug|Any CPU
		{1D42B811-C029-41FE-8B5E-748F41025709}.Release|Any CPU.ActiveCfg = Release|Any CPU
		{1D42B811-C029-41FE-8B5E-748F41025709}.Release|Any CPU.Build.0 = Release|Any CPU
		{3CC19C29-27BF-46B4-8542-CCDAF6D369B6}.Debug|Any CPU.ActiveCfg = Debug|Any CPU
		{3CC19C29-27BF-46B4-8542-CCDAF6D369B6}.Debug|Any CPU.Build.0 = Debug|Any CPU
		{3CC19C29-27BF-46B4-8542-CCDAF6D369B6}.Release|Any CPU.ActiveCfg = Release|Any CPU
		{3CC19C29-27BF-46B4-8542-CCDAF6D369B6}.Release|Any CPU.Build.0 = Release|Any CPU
		{90F5DAD4-F1F2-4252-93CC-DE3DB6064F18}.Debug|Any CPU.ActiveCfg = Debug|Any CPU
		{90F5DAD4-F1F2-4252-93CC-DE3DB6064F18}.Debug|Any CPU.Build.0 = Debug|Any CPU
		{90F5DAD4-F1F2-4252-93CC-DE3DB6064F18}.Release|Any CPU.ActiveCfg = Release|Any CPU
		{90F5DAD4-F1F2-4252-93CC-DE3DB6064F18}.Release|Any CPU.Build.0 = Release|Any CPU
	EndGlobalSection
	GlobalSection(SolutionProperties) = preSolution
		HideSolutionNode = FALSE
	EndGlobalSection
EndGlobal
